
Microsoft Visual Studio Solution File, Format Version 12.00
# Visual Studio Version 17
VisualStudioVersion = 17.8.34511.84
MinimumVisualStudioVersion = 10.0.40219.1
Project("{FAE04EC0-301F-11D3-BF4B-00C04F79EFBC}") = "NHAKHOA", "NHAKHOA\NHAKHOA.csproj", "{4E206460-16A3-418C-BCC8-B221DB887CCB}"
EndProject
Global
	GlobalSection(SolutionConfigurationPlatforms) = preSolution
		Debug|Any CPU = Debug|Any CPU
		Release|Any CPU = Release|Any CPU
	EndGlobalSection
	GlobalSection(ProjectConfigurationPlatforms) = postSolution
		{4E206460-16A3-418C-BCC8-B221DB887CCB}.Debug|Any CPU.ActiveCfg = Debug|Any CPU
		{4E206460-16A3-418C-BCC8-B221DB887CCB}.Debug|Any CPU.Build.0 = Debug|Any CPU
		{4E206460-16A3-418C-BCC8-B221DB887CCB}.Release|Any CPU.ActiveCfg = Release|Any CPU
		{4E206460-16A3-418C-BCC8-B221DB887CCB}.Release|Any CPU.Build.0 = Release|Any CPU
	EndGlobalSection
	GlobalSection(SolutionProperties) = preSolution
		HideSolutionNode = FALSE
	EndGlobalSection
	GlobalSection(ExtensibilityGlobals) = postSolution
		SolutionGuid = {8D9AB006-0B01-4702-9EAF-00A2201111C6}
	EndGlobalSection
EndGlobal
